// !$*UTF8*$!
{
	archiveVersion = 1;
	classes = {
	};
	objectVersion = 46;
	objects = {

/* Begin PBXBuildFile section */
		6829D56F1C8D78E700DFAB37 /* main.m in Sources */ = {isa = PBXBuildFile; fileRef = 6829D56E1C8D78E700DFAB37 /* main.m */; };
		6829D5721C8D78E700DFAB37 /* AppDelegate.m in Sources */ = {isa = PBXBuildFile; fileRef = 6829D5711C8D78E700DFAB37 /* AppDelegate.m */; };
		6829D5751C8D78E700DFAB37 /* ViewController.m in Sources */ = {isa = PBXBuildFile; fileRef = 6829D5741C8D78E700DFAB37 /* ViewController.m */; };
		6829D5781C8D78E700DFAB37 /* Main.storyboard in Resources */ = {isa = PBXBuildFile; fileRef = 6829D5761C8D78E700DFAB37 /* Main.storyboard */; };
		6829D57A1C8D78E700DFAB37 /* Assets.xcassets in Resources */ = {isa = PBXBuildFile; fileRef = 6829D5791C8D78E700DFAB37 /* Assets.xcassets */; };
		6829D57D1C8D78E700DFAB37 /* LaunchScreen.storyboard in Resources */ = {isa = PBXBuildFile; fileRef = 6829D57B1C8D78E700DFAB37 /* LaunchScreen.storyboard */; };
		6862C6C21CAE241E00F1B7C4 /* Simulator Screen Shot 2016年4月1日 上午11.35.02.png in Resources */ = {isa = PBXBuildFile; fileRef = 6862C6C11CAE241E00F1B7C4 /* Simulator Screen Shot 2016年4月1日 上午11.35.02.png */; };
/* End PBXBuildFile section */

/* Begin PBXFileReference section */
		6829D56A1C8D78E700DFAB37 /* CAShapeLayer.app */ = {isa = PBXFileReference; explicitFileType = wrapper.application; includeInIndex = 0; path = CAShapeLayer.app; sourceTree = BUILT_PRODUCTS_DIR; };
		6829D56E1C8D78E700DFAB37 /* main.m */ = {isa = PBXFileReference; lastKnownFileType = sourcecode.c.objc; path = main.m; sourceTree = "<group>"; };
		6829D5701C8D78E700DFAB37 /* AppDelegate.h */ = {isa = PBXFileReference; lastKnownFileType = sourcecode.c.h; path = AppDelegate.h; sourceTree = "<group>"; };
		6829D5711C8D78E700DFAB37 /* AppDelegate.m */ = {isa = PBXFileReference; lastKnownFileType = sourcecode.c.objc; path = AppDelegate.m; sourceTree = "<group>"; };
		6829D5731C8D78E700DFAB37 /* ViewController.h */ = {isa = PBXFileReference; lastKnownFileType = sourcecode.c.h; path = ViewController.h; sourceTree = "<group>"; };
		6829D5741C8D78E700DFAB37 /* ViewController.m */ = {isa = PBXFileReference; lastKnownFileType = sourcecode.c.objc; path = ViewController.m; sourceTree = "<group>"; };
		6829D5771C8D78E700DFAB37 /* Base */ = {isa = PBXFileReference; lastKnownFileType = file.storyboard; name = Base; path = Base.lproj/Main.storyboard; sourceTree = "<group>"; };
		6829D5791C8D78E700DFAB37 /* Assets.xcassets */ = {isa = PBXFileReference; lastKnownFileType = folder.assetcatalog; path = Assets.xcassets; sourceTree = "<group>"; };
		6829D57C1C8D78E700DFAB37 /* Base */ = {isa = PBXFileReference; lastKnownFileType = file.storyboard; name = Base; path = Base.lproj/LaunchScreen.storyboard; sourceTree = "<group>"; };
		6829D57E1C8D78E700DFAB37 /* Info.plist */ = {isa = PBXFileReference; lastKnownFileType = text.plist.xml; path = Info.plist; sourceTree = "<group>"; };
		6862C6C11CAE241E00F1B7C4 /* Simulator Screen Shot 2016年4月1日 上午11.35.02.png */ = {isa = PBXFileReference; lastKnownFileType = image.png; path = "Simulator Screen Shot 2016年4月1日 上午11.35.02.png"; sourceTree = "<group>"; };
/* End PBXFileReference section */

/* Begin PBXFrameworksBuildPhase section */
		6829D5671C8D78E700DFAB37 /* Frameworks */ = {
			isa = PBXFrameworksBuildPhase;
			buildActionMask = 2147483647;
			files = (
			);
			runOnlyForDeploymentPostprocessing = 0;
		};
/* End PBXFrameworksBuildPhase section */

/* Begin PBXGroup section */
		6829D5611C8D78E700DFAB37 = {
			isa = PBXGroup;
			children = (
				6862C6C11CAE241E00F1B7C4 /* Simulator Screen Shot 2016年4月1日 上午11.35.02.png */,
				6829D56C1C8D78E700DFAB37 /* CAShapeLayer */,
				6829D56B1C8D78E700DFAB37 /* Products */,
			);
			sourceTree = "<group>";
		};
		6829D56B1C8D78E700DFAB37 /* Products */ = {
			isa = PBXGroup;
			children = (
				6829D56A1C8D78E700DFAB37 /* CAShapeLayer.app */,
			);
			name = Products;
			sourceTree = "<group>";
		};
		6829D56C1C8D78E700DFAB37 /* CAShapeLayer */ = {
			isa = PBXGroup;
			children = (
				6829D5701C8D78E700DFAB37 /* AppDelegate.h */,
				6829D5711C8D78E700DFAB37 /* AppDelegate.m */,
				6829D5731C8D78E700DFAB37 /* ViewController.h */,
				6829D5741C8D78E700DFAB37 /* ViewController.m */,
				6829D5761C8D78E700DFAB37 /* Main.storyboard */,
				6829D5791C8D78E700DFAB37 /* Assets.xcassets */,
				6829D57B1C8D78E700DFAB37 /* LaunchScreen.storyboard */,
				6829D57E1C8D78E700DFAB37 /* Info.plist */,
				6829D56D1C8D78E700DFAB37 /* Supporting Files */,
			);
			path = CAShapeLayer;
			sourceTree = "<group>";
		};
		6829D56D1C8D78E700DFAB37 /* Supporting Files */ = {
			isa = PBXGroup;
			children = (
				6829D56E1C8D78E700DFAB37 /* main.m */,
			);
			name = "Supporting Files";
			sourceTree = "<group>";
		};
/* End PBXGroup section */

/* Begin PBXNativeTarget section */
		6829D5691C8D78E700DFAB37 /* CAShapeLayer */ = {
			isa = PBXNativeTarget;
			buildConfigurationList = 6829D5811C8D78E700DFAB37 /* Build configuration list for PBXNativeTarget "CAShapeLayer" */;
			buildPhases = (
				6829D5661C8D78E700DFAB37 /* Sources */,
				6829D5671C8D78E700DFAB37 /* Frameworks */,
				6829D5681C8D78E700DFAB37 /* Resources */,
			);
			buildRules = (
			);
			dependencies = (
			);
			name = CAShapeLayer;
			productName = CAShapeLayer;
			productReference = 6829D56A1C8D78E700DFAB37 /* CAShapeLayer.app */;
			productType = "com.apple.product-type.application";
		};
/* End PBXNativeTarget section */

/* Begin PBXProject section */
		6829D5621C8D78E700DFAB37 /* Project object */ = {
			isa = PBXProject;
			attributes = {
				LastUpgradeCheck = 0720;
				ORGANIZATIONNAME = AndLiSoft;
				TargetAttributes = {
					6829D5691C8D78E700DFAB37 = {
						CreatedOnToolsVersion = 7.2;
					};
				};
			};
			buildConfigurationList = 6829D5651C8D78E700DFAB37 /* Build configuration list for PBXProject "CAShapeLayer" */;
			compatibilityVersion = "Xcode 3.2";
			developmentRegion = English;
			hasScannedForEncodings = 0;
			knownRegions = (
				en,
				Base,
			);
			mainGroup = 6829D5611C8D78E700DFAB37;
			productRefGroup = 6829D56B1C8D78E700DFAB37 /* Products */;
			projectDirPath = "";
			projectRoot = "";
			targets = (
				6829D5691C8D78E700DFAB37 /* CAShapeLayer */,
			);
		};
/* End PBXProject section */

/* Begin PBXResourcesBuildPhase section */
		6829D5681C8D78E700DFAB37 /* Resources */ = {
			isa = PBXResourcesBuildPhase;
			buildActionMask = 2147483647;
			files = (
				6862C6C21CAE241E00F1B7C4 /* Simulator Screen Shot 2016年4月1日 上午11.35.02.png in Resources */,
				6829D57D1C8D78E700DFAB37 /* LaunchScreen.storyboard in Resources */,
				6829D57A1C8D78E700DFAB37 /* Assets.xcassets in Resources */,
				6829D5781C8D78E700DFAB37 /* Main.storyboard in Resources */,
			);
			runOnlyForDeploymentPostprocessing = 0;
		};
/* End PBXResourcesBuildPhase section */

/* Begin PBXSourcesBuildPhase section */
		6829D5661C8D78E700DFAB37 /* Sources */ = {
			isa = PBXSourcesBuildPhase;
			buildActionMask = 2147483647;
			files = (
				6829D5751C8D78E700DFAB37 /* ViewController.m in Sources */,
				6829D5721C8D78E700DFAB37 /* AppDelegate.m in Sources */,
				6829D56F1C8D78E700DFAB37 /* main.m in Sources */,
			);
			runOnlyForDeploymentPostprocessing = 0;
		};
/* End PBXSourcesBuildPhase section */

/* Begin PBXVariantGroup section */
		6829D5761C8D78E700DFAB37 /* Main.storyboard */ = {
			isa = PBXVariantGroup;
			children = (
				6829D5771C8D78E700DFAB37 /* Base */,
			);
			name = Main.storyboard;
			sourceTree = "<group>";
		};
		6829D57B1C8D78E700DFAB37 /* LaunchScreen.storyboard */ = {
			isa = PBXVariantGroup;
			children = (
				6829D57C1C8D78E700DFAB37 /* Base */,
			);
			name = LaunchScreen.storyboard;
			sourceTree = "<group>";
		};
/* End PBXVariantGroup section */

/* Begin XCBuildConfiguration section */
		6829D57F1C8D78E700DFAB37 /* Debug */ = {
			isa = XCBuildConfiguration;
			buildSettings = {
				ALWAYS_SEARCH_USER_PATHS = NO;
				CLANG_CXX_LANGUAGE_STANDARD = "gnu++0x";
				CLANG_CXX_LIBRARY = "libc++";
				CLANG_ENABLE_MODULES = YES;
				CLANG_ENABLE_OBJC_ARC = YES;
				CLANG_WARN_BOOL_CONVERSION = YES;
				CLANG_WARN_CONSTANT_CONVERSION = YES;
				CLANG_WARN_DIRECT_OBJC_ISA_USAGE = YES_ERROR;
				CLANG_WARN_EMPTY_BODY = YES;
				CLANG_WARN_ENUM_CONVERSION = YES;
				CLANG_WARN_INT_CONVERSION = YES;
				CLANG_WARN_OBJC_ROOT_CLASS = YES_ERROR;
				CLANG_WARN_UNREACHABLE_CODE = YES;
				CLANG_WARN__DUPLICATE_METHOD_MATCH = YES;
				"CODE_SIGN_IDENTITY[sdk=iphoneos*]" = "iPhone Developer";
				COPY_PHASE_STRIP = NO;
				DEBUG_INFORMATION_FORMAT = dwarf;
				ENABLE_STRICT_OBJC_MSGSEND = YES;
				ENABLE_TESTABILITY = YES;
				GCC_C_LANGUAGE_STANDARD = gnu99;
				GCC_DYNAMIC_NO_PIC = NO;
				GCC_NO_COMMON_BLOCKS = YES;
				GCC_OPTIMIZATION_LEVEL = 0;
				GCC_PREPROCESSOR_DEFINITIONS = (
					"DEBUG=1",
					"$(inherited)",
				);
				GCC_WARN_64_TO_32_BIT_CONVERSION = YES;
				GCC_WARN_ABOUT_RETURN_TYPE = YES_ERROR;
				GCC_WARN_UNDECLARED_SELECTOR = YES;
				GCC_WARN_UNINITIALIZED_AUTOS = YES_AGGRESSIVE;
				GCC_WARN_UNUSED_FUNCTION = YES;
				GCC_WARN_UNUSED_VARIABLE = YES;
				IPHONEOS_DEPLOYMENT_TARGET = 9.2;
				MTL_ENABLE_DEBUG_INFO = YES;
				ONLY_ACTIVE_ARCH = YES;
				SDKROOT = iphoneos;
			};
			name = Debug;
		};
		6829D5801C8D78E700DFAB37 /* Release */ = {
			isa = XCBuildConfiguration;
			buildSettings = {
				ALWAYS_SEARCH_USER_PATHS = NO;
				CLANG_CXX_LANGUAGE_STANDARD = "gnu++0x";
				CLANG_CXX_LIBRARY = "libc++";
				CLANG_ENABLE_MODULES = YES;
				CLANG_ENABLE_OBJC_ARC = YES;
				CLANG_WARN_BOOL_CONVERSION = YES;
				CLANG_WARN_CONSTANT_CONVERSION = YES;
				CLANG_WARN_DIRECT_OBJC_ISA_USAGE = YES_ERROR;
				CLANG_WARN_EMPTY_BODY = YES;
				CLANG_WARN_ENUM_CONVERSION = YES;
				CLANG_WARN_INT_CONVERSION = YES;
				CLANG_WARN_OBJC_ROOT_CLASS = YES_ERROR;
				CLANG_WARN_UNREACHABLE_CODE = YES;
				CLANG_WARN__DUPLICATE_METHOD_MATCH = YES;
				"CODE_SIGN_IDENTITY[sdk=iphoneos*]" = "iPhone Developer";
				COPY_PHASE_STRIP = NO;
				DEBUG_INFORMATION_FORMAT = "dwarf-with-dsym";
				ENABLE_NS_ASSERTIONS = NO;
				ENABLE_STRICT_OBJC_MSGSEND = YES;
				GCC_C_LANGUAGE_STANDARD = gnu99;
				GCC_NO_COMMON_BLOCKS = YES;
				GCC_WARN_64_TO_32_BIT_CONVERSION = YES;
				GCC_WARN_ABOUT_RETURN_TYPE = YES_ERROR;
				GCC_WARN_UNDECLARED_SELECTOR = YES;
				GCC_WARN_UNINITIALIZED_AUTOS = YES_AGGRESSIVE;
				GCC_WARN_UNUSED_FUNCTION = YES;
				GCC_WARN_UNUSED_VARIABLE = YES;
				IPHONEOS_DEPLOYMENT_TARGET = 9.2;
				MTL_ENABLE_DEBUG_INFO = NO;
				SDKROOT = iphoneos;
				VALIDATE_PRODUCT = YES;
			};
			name = Release;
		};
		6829D5821C8D78E700DFAB37 /* Debug */ = {
			isa = XCBuildConfiguration;
			buildSettings = {
				ASSETCATALOG_COMPILER_APPICON_NAME = AppIcon;
				INFOPLIST_FILE = CAShapeLayer/Info.plist;
				LD_RUNPATH_SEARCH_PATHS = "$(inherited) @executable_path/Frameworks";
				PRODUCT_BUNDLE_IDENTIFIER = com.andlisoft.CAShapeLayer;
				PRODUCT_NAME = "$(TARGET_NAME)";
			};
			name = Debug;
		};
		6829D5831C8D78E700DFAB37 /* Release */ = {
			isa = XCBuildConfiguration;
			buildSettings = {
				ASSETCATALOG_COMPILER_APPICON_NAME = AppIcon;
				INFOPLIST_FILE = CAShapeLayer/Info.plist;
				LD_RUNPATH_SEARCH_PATHS = "$(inherited) @executable_path/Frameworks";
				PRODUCT_BUNDLE_IDENTIFIER = com.andlisoft.CAShapeLayer;
				PRODUCT_NAME = "$(TARGET_NAME)";
			};
			name = Release;
		};
/* End XCBuildConfiguration section */

/* Begin XCConfigurationList section */
		6829D5651C8D78E700DFAB37 /* Build configuration list for PBXProject "CAShapeLayer" */ = {
			isa = XCConfigurationList;
			buildConfigurations = (
				6829D57F1C8D78E700DFAB37 /* Debug */,
				6829D5801C8D78E700DFAB37 /* Release */,
			);
			defaultConfigurationIsVisible = 0;
			defaultConfigurationName = Release;
		};
		6829D5811C8D78E700DFAB37 /* Build configuration list for PBXNativeTarget "CAShapeLayer" */ = {
			isa = XCConfigurationList;
			buildConfigurations = (
				6829D5821C8D78E700DFAB37 /* Debug */,
				6829D5831C8D78E700DFAB37 /* Release */,
			);
			defaultConfigurationIsVisible = 0;
			defaultConfigurationName = Release;
		};
/* End XCConfigurationList section */
	};
	rootObject = 6829D5621C8D78E700DFAB37 /* Project object */;
}
